{
    "name": "oficinabrasil-atoms",
    "version": "1.0.1",
    "lockfileVersion": 3,
    "requires": true,
    "packages": {
        "": {
            "name": "oficinabrasil-atoms",
            "version": "1.0.1",
            "license": "LGPL-3.0-only",
            "dependencies": {
                "oficinabrasil-atoms": "file:oficinabrasil-atoms-1.0.0.tgz"
            }
        },
        "node_modules/oficinabrasil-atoms": {
            "version": "1.0.0",
            "resolved": "file:oficinabrasil-atoms-1.0.0.tgz",
            "integrity": "sha512-ofz89J6wirC5qbQcg2yXkUV+9BHkVQjYxfoJELPn3ZDj0AuluVXT6kkNVitw8yZGy1khW67I7Z/lPUTxpZrI0g==",
            "license": "LGPL-3.0-only"
        }
    }
}
